
Microsoft Visual Studio Solution File, Format Version 12.00
# Visual Studio Version 17
VisualStudioVersion = 17.3.32804.467
MinimumVisualStudioVersion = 10.0.40219.1
Project("{FAE04EC0-301F-11D3-BF4B-00C04F79EFBC}") = "Generic-List", "Generic-List\Generic-List.csproj", "{6B45EB1A-2819-4A4E-B315-FFBA4A1FECE9}"
EndProject
Global
	GlobalSection(SolutionConfigurationPlatforms) = preSolution
		Debug|Any CPU = Debug|Any CPU
		Release|Any CPU = Release|Any CPU
	EndGlobalSection
	GlobalSection(ProjectConfigurationPlatforms) = postSolution
		{6B45EB1A-2819-4A4E-B315-FFBA4A1FECE9}.Debug|Any CPU.ActiveCfg = Debug|Any CPU
		{6B45EB1A-2819-4A4E-B315-FFBA4A1FECE9}.Debug|Any CPU.Build.0 = Debug|Any CPU
		{6B45EB1A-2819-4A4E-B315-FFBA4A1FECE9}.Release|Any CPU.ActiveCfg = Release|Any CPU
		{6B45EB1A-2819-4A4E-B315-FFBA4A1FECE9}.Release|Any CPU.Build.0 = Release|Any CPU
	EndGlobalSection
	GlobalSection(SolutionProperties) = preSolution
		HideSolutionNode = FALSE
	EndGlobalSection
	GlobalSection(ExtensibilityGlobals) = postSolution
		SolutionGuid = {9C16A56A-20D1-4C26-8591-1C72B3D0F56C}
	EndGlobalSection
EndGlobal
